
Microsoft Visual Studio Solution File, Format Version 12.00
# Visual Studio 2012
Project("{FAE04EC0-301F-11D3-BF4B-00C04F79EFBC}") = "Phoneword_iOS", "Phoneword_iOS\Phoneword_iOS.csproj", "{1D8F7A4E-66C0-49D1-863A-AC6A7F3374CF}"
EndProject
Project("{FAE04EC0-301F-11D3-BF4B-00C04F79EFBC}") = "Phoneword_iOS.UITests", "Phoneword_iOS.UITests\Phoneword_iOS.UITests.csproj", "{60D4C5A3-B785-4818-AB8E-20B166B22FAF}"
EndProject
Project("{FAE04EC0-301F-11D3-BF4B-00C04F79EFBC}") = "Phoneword_iOS.Tests", "Phoneword_iOS.Tests\Phoneword_iOS.Tests.csproj", "{31C83C1D-4D43-414E-B754-6749ABD6C95B}"
EndProject
Project("{FAE04EC0-301F-11D3-BF4B-00C04F79EFBC}") = "Phoneword_iOS.Lib", "Phoneword_iOS.Lib\Phoneword_iOS.Lib.csproj", "{E6E70F1E-3921-4B78-A6C0-8C797FA9AAF4}"
EndProject
Global
	GlobalSection(SolutionConfigurationPlatforms) = preSolution
		Debug|iPhoneSimulator = Debug|iPhoneSimulator
		Release|iPhone = Release|iPhone
		Release|iPhoneSimulator = Release|iPhoneSimulator
		Debug|iPhone = Debug|iPhone
		Debug|Any CPU = Debug|Any CPU
		Release|Any CPU = Release|Any CPU
	EndGlobalSection
	GlobalSection(ProjectConfigurationPlatforms) = postSolution
		{1D8F7A4E-66C0-49D1-863A-AC6A7F3374CF}.Debug|Any CPU.ActiveCfg = Debug|iPhoneSimulator
		{1D8F7A4E-66C0-49D1-863A-AC6A7F3374CF}.Debug|Any CPU.Build.0 = Debug|iPhoneSimulator
		{1D8F7A4E-66C0-49D1-863A-AC6A7F3374CF}.Debug|iPhone.ActiveCfg = Debug|iPhone
		{1D8F7A4E-66C0-49D1-863A-AC6A7F3374CF}.Debug|iPhone.Build.0 = Debug|iPhone
		{1D8F7A4E-66C0-49D1-863A-AC6A7F3374CF}.Debug|iPhoneSimulator.ActiveCfg = Debug|iPhoneSimulator
		{1D8F7A4E-66C0-49D1-863A-AC6A7F3374CF}.Debug|iPhoneSimulator.Build.0 = Debug|iPhoneSimulator
		{1D8F7A4E-66C0-49D1-863A-AC6A7F3374CF}.Release|Any CPU.ActiveCfg = Release|iPhone
		{1D8F7A4E-66C0-49D1-863A-AC6A7F3374CF}.Release|Any CPU.Build.0 = Release|iPhone
		{1D8F7A4E-66C0-49D1-863A-AC6A7F3374CF}.Release|iPhone.ActiveCfg = Release|iPhone
		{1D8F7A4E-66C0-49D1-863A-AC6A7F3374CF}.Release|iPhone.Build.0 = Release|iPhone
		{1D8F7A4E-66C0-49D1-863A-AC6A7F3374CF}.Release|iPhoneSimulator.ActiveCfg = Release|iPhoneSimulator
		{1D8F7A4E-66C0-49D1-863A-AC6A7F3374CF}.Release|iPhoneSimulator.Build.0 = Release|iPhoneSimulator
		{31C83C1D-4D43-414E-B754-6749ABD6C95B}.Debug|Any CPU.ActiveCfg = Debug|Any CPU
		{31C83C1D-4D43-414E-B754-6749ABD6C95B}.Debug|Any CPU.Build.0 = Debug|Any CPU
		{31C83C1D-4D43-414E-B754-6749ABD6C95B}.Debug|iPhone.ActiveCfg = Debug|Any CPU
		{31C83C1D-4D43-414E-B754-6749ABD6C95B}.Debug|iPhone.Build.0 = Debug|Any CPU
		{31C83C1D-4D43-414E-B754-6749ABD6C95B}.Debug|iPhoneSimulator.ActiveCfg = Debug|Any CPU
		{31C83C1D-4D43-414E-B754-6749ABD6C95B}.Debug|iPhoneSimulator.Build.0 = Debug|Any CPU
		{31C83C1D-4D43-414E-B754-6749ABD6C95B}.Release|Any CPU.ActiveCfg = Release|Any CPU
		{31C83C1D-4D43-414E-B754-6749ABD6C95B}.Release|Any CPU.Build.0 = Release|Any CPU
		{31C83C1D-4D43-414E-B754-6749ABD6C95B}.Release|iPhone.ActiveCfg = Release|Any CPU
		{31C83C1D-4D43-414E-B754-6749ABD6C95B}.Release|iPhone.Build.0 = Release|Any CPU
		{31C83C1D-4D43-414E-B754-6749ABD6C95B}.Release|iPhoneSimulator.ActiveCfg = Release|Any CPU
		{31C83C1D-4D43-414E-B754-6749ABD6C95B}.Release|iPhoneSimulator.Build.0 = Release|Any CPU
		{60D4C5A3-B785-4818-AB8E-20B166B22FAF}.Debug|Any CPU.ActiveCfg = Debug|Any CPU
		{60D4C5A3-B785-4818-AB8E-20B166B22FAF}.Debug|Any CPU.Build.0 = Debug|Any CPU
		{60D4C5A3-B785-4818-AB8E-20B166B22FAF}.Debug|iPhone.ActiveCfg = Debug|Any CPU
		{60D4C5A3-B785-4818-AB8E-20B166B22FAF}.Debug|iPhone.Build.0 = Debug|Any CPU
		{60D4C5A3-B785-4818-AB8E-20B166B22FAF}.Debug|iPhoneSimulator.ActiveCfg = Debug|Any CPU
		{60D4C5A3-B785-4818-AB8E-20B166B22FAF}.Debug|iPhoneSimulator.Build.0 = Debug|Any CPU
		{60D4C5A3-B785-4818-AB8E-20B166B22FAF}.Release|Any CPU.ActiveCfg = Release|Any CPU
		{60D4C5A3-B785-4818-AB8E-20B166B22FAF}.Release|Any CPU.Build.0 = Release|Any CPU
		{60D4C5A3-B785-4818-AB8E-20B166B22FAF}.Release|iPhone.ActiveCfg = Release|Any CPU
		{60D4C5A3-B785-4818-AB8E-20B166B22FAF}.Release|iPhone.Build.0 = Release|Any CPU
		{60D4C5A3-B785-4818-AB8E-20B166B22FAF}.Release|iPhoneSimulator.ActiveCfg = Release|Any CPU
		{60D4C5A3-B785-4818-AB8E-20B166B22FAF}.Release|iPhoneSimulator.Build.0 = Release|Any CPU
		{E6E70F1E-3921-4B78-A6C0-8C797FA9AAF4}.Debug|Any CPU.ActiveCfg = Debug|Any CPU
		{E6E70F1E-3921-4B78-A6C0-8C797FA9AAF4}.Debug|Any CPU.Build.0 = Debug|Any CPU
		{E6E70F1E-3921-4B78-A6C0-8C797FA9AAF4}.Debug|iPhone.ActiveCfg = Debug|Any CPU
		{E6E70F1E-3921-4B78-A6C0-8C797FA9AAF4}.Debug|iPhone.Build.0 = Debug|Any CPU
		{E6E70F1E-3921-4B78-A6C0-8C797FA9AAF4}.Debug|iPhoneSimulator.ActiveCfg = Debug|Any CPU
		{E6E70F1E-3921-4B78-A6C0-8C797FA9AAF4}.Debug|iPhoneSimulator.Build.0 = Debug|Any CPU
		{E6E70F1E-3921-4B78-A6C0-8C797FA9AAF4}.Release|Any CPU.ActiveCfg = Release|Any CPU
		{E6E70F1E-3921-4B78-A6C0-8C797FA9AAF4}.Release|Any CPU.Build.0 = Release|Any CPU
		{E6E70F1E-3921-4B78-A6C0-8C797FA9AAF4}.Release|iPhone.ActiveCfg = Release|Any CPU
		{E6E70F1E-3921-4B78-A6C0-8C797FA9AAF4}.Release|iPhone.Build.0 = Release|Any CPU
		{E6E70F1E-3921-4B78-A6C0-8C797FA9AAF4}.Release|iPhoneSimulator.ActiveCfg = Release|Any CPU
		{E6E70F1E-3921-4B78-A6C0-8C797FA9AAF4}.Release|iPhoneSimulator.Build.0 = Release|Any CPU
	EndGlobalSection
	GlobalSection(MonoDevelopProperties) = preSolution
		Policies = $0
		$0.TextStylePolicy = $1
		$1.TabWidth = 2
		$1.IndentWidth = 2
		$1.inheritsSet = VisualStudio
		$1.inheritsScope = text/plain
		$1.scope = text/x-csharp
		$0.CSharpFormattingPolicy = $2
		$2.IndentSwitchBody = True
		$2.IndentBlocksInsideExpressions = True
		$2.AnonymousMethodBraceStyle = NextLine
		$2.PropertyBraceStyle = NextLine
		$2.PropertyGetBraceStyle = NextLine
		$2.PropertySetBraceStyle = NextLine
		$2.EventBraceStyle = NextLine
		$2.EventAddBraceStyle = NextLine
		$2.EventRemoveBraceStyle = NextLine
		$2.StatementBraceStyle = NextLine
		$2.ElseNewLinePlacement = NewLine
		$2.CatchNewLinePlacement = NewLine
		$2.FinallyNewLinePlacement = NewLine
		$2.WhileNewLinePlacement = DoNotCare
		$2.ArrayInitializerWrapping = DoNotChange
		$2.ArrayInitializerBraceStyle = NextLine
		$2.BeforeMethodDeclarationParentheses = False
		$2.BeforeMethodCallParentheses = False
		$2.BeforeConstructorDeclarationParentheses = False
		$2.NewLineBeforeConstructorInitializerColon = NewLine
		$2.NewLineAfterConstructorInitializerColon = SameLine
		$2.BeforeDelegateDeclarationParentheses = False
		$2.NewParentheses = False
		$2.SpacesBeforeBrackets = False
		$2.inheritsSet = Mono
		$2.inheritsScope = text/x-csharp
		$2.scope = text/x-csharp
	EndGlobalSection
EndGlobal
